// !$*UTF8*$!
{
	archiveVersion = 1;
	classes = {
	};
	objectVersion = 56;
	objects = {

/* Begin PBXBuildFile section */
		840188352AF28816007CEF03 /* Click.wav in Resources */ = {isa = PBXBuildFile; fileRef = 840188342AF28816007CEF03 /* Click.wav */; };
		840D3CC32ADAD54400166FA6 /* TempoText.swift in Sources */ = {isa = PBXBuildFile; fileRef = 840D3CC22ADAD54400166FA6 /* TempoText.swift */; };
		84710AB42AF278F600DEAA62 /* TempoModel.swift in Sources */ = {isa = PBXBuildFile; fileRef = 84710AB32AF278F600DEAA62 /* TempoModel.swift */; };
		84710AB62AF2799300DEAA62 /* TimeSignature.swift in Sources */ = {isa = PBXBuildFile; fileRef = 84710AB52AF2799300DEAA62 /* TimeSignature.swift */; };
		84893E572AC99C8C002DF1CB /* HapticTronomeApp.swift in Sources */ = {isa = PBXBuildFile; fileRef = 84893E562AC99C8C002DF1CB /* HapticTronomeApp.swift */; };
		84893E592AC99C8C002DF1CB /* HomePage.swift in Sources */ = {isa = PBXBuildFile; fileRef = 84893E582AC99C8C002DF1CB /* HomePage.swift */; };
		84893E5B2AC99C8D002DF1CB /* Assets.xcassets in Resources */ = {isa = PBXBuildFile; fileRef = 84893E5A2AC99C8D002DF1CB /* Assets.xcassets */; };
		84893E5E2AC99C8D002DF1CB /* Preview Assets.xcassets in Resources */ = {isa = PBXBuildFile; fileRef = 84893E5D2AC99C8D002DF1CB /* Preview Assets.xcassets */; };
		84893E712AC9A501002DF1CB /* HomePageBody.swift in Sources */ = {isa = PBXBuildFile; fileRef = 84893E702AC9A501002DF1CB /* HomePageBody.swift */; };
		84893E732AC9B17F002DF1CB /* Localizable.xcstrings in Resources */ = {isa = PBXBuildFile; fileRef = 84893E722AC9B17F002DF1CB /* Localizable.xcstrings */; };
		84A2BABB2ADBEA6200A22EC6 /* LedWidget.swift in Sources */ = {isa = PBXBuildFile; fileRef = 84A2BABA2ADBEA6200A22EC6 /* LedWidget.swift */; };
		84A2BABD2ADBED9D00A22EC6 /* LedRow.swift in Sources */ = {isa = PBXBuildFile; fileRef = 84A2BABC2ADBED9D00A22EC6 /* LedRow.swift */; };
		84FAC5D42ADFC4F400F9C4B6 /* TempoViewModel.swift in Sources */ = {isa = PBXBuildFile; fileRef = 84FAC5D32ADFC4F400F9C4B6 /* TempoViewModel.swift */; };
		96249BC32AD5D678009493BF /* constants.swift in Sources */ = {isa = PBXBuildFile; fileRef = 96249BC22AD5D678009493BF /* constants.swift */; };
		96877C182AD80D3C00D6529F /* Glow.swift in Sources */ = {isa = PBXBuildFile; fileRef = 96877C172AD80D3C00D6529F /* Glow.swift */; };
		96C7E0EE2AD567EE0069CFA8 /* ButtonWidget.swift in Sources */ = {isa = PBXBuildFile; fileRef = 96C7E0ED2AD567EE0069CFA8 /* ButtonWidget.swift */; };
		96C7E0F12AD569AD0069CFA8 /* PlayButtonStyle.swift in Sources */ = {isa = PBXBuildFile; fileRef = 96C7E0F02AD569AD0069CFA8 /* PlayButtonStyle.swift */; };
/* End PBXBuildFile section */

/* Begin PBXFileReference section */
		840188342AF28816007CEF03 /* Click.wav */ = {isa = PBXFileReference; lastKnownFileType = audio.wav; path = Click.wav; sourceTree = "<group>"; };
		840D3CC22ADAD54400166FA6 /* TempoText.swift */ = {isa = PBXFileReference; lastKnownFileType = sourcecode.swift; path = TempoText.swift; sourceTree = "<group>"; };
		84710AB32AF278F600DEAA62 /* TempoModel.swift */ = {isa = PBXFileReference; lastKnownFileType = sourcecode.swift; path = TempoModel.swift; sourceTree = "<group>"; };
		84710AB52AF2799300DEAA62 /* TimeSignature.swift */ = {isa = PBXFileReference; lastKnownFileType = sourcecode.swift; path = TimeSignature.swift; sourceTree = "<group>"; };
		84893E532AC99C8C002DF1CB /* HapticTronome.app */ = {isa = PBXFileReference; explicitFileType = wrapper.application; includeInIndex = 0; path = HapticTronome.app; sourceTree = BUILT_PRODUCTS_DIR; };
		84893E562AC99C8C002DF1CB /* HapticTronomeApp.swift */ = {isa = PBXFileReference; lastKnownFileType = sourcecode.swift; path = HapticTronomeApp.swift; sourceTree = "<group>"; };
		84893E582AC99C8C002DF1CB /* HomePage.swift */ = {isa = PBXFileReference; lastKnownFileType = sourcecode.swift; path = HomePage.swift; sourceTree = "<group>"; };
		84893E5A2AC99C8D002DF1CB /* Assets.xcassets */ = {isa = PBXFileReference; lastKnownFileType = folder.assetcatalog; path = Assets.xcassets; sourceTree = "<group>"; };
		84893E5D2AC99C8D002DF1CB /* Preview Assets.xcassets */ = {isa = PBXFileReference; lastKnownFileType = folder.assetcatalog; path = "Preview Assets.xcassets"; sourceTree = "<group>"; };
		84893E702AC9A501002DF1CB /* HomePageBody.swift */ = {isa = PBXFileReference; lastKnownFileType = sourcecode.swift; path = HomePageBody.swift; sourceTree = "<group>"; };
		84893E722AC9B17F002DF1CB /* Localizable.xcstrings */ = {isa = PBXFileReference; lastKnownFileType = text.json.xcstrings; path = Localizable.xcstrings; sourceTree = "<group>"; };
		84A2BABA2ADBEA6200A22EC6 /* LedWidget.swift */ = {isa = PBXFileReference; lastKnownFileType = sourcecode.swift; path = LedWidget.swift; sourceTree = "<group>"; };
		84A2BABC2ADBED9D00A22EC6 /* LedRow.swift */ = {isa = PBXFileReference; lastKnownFileType = sourcecode.swift; path = LedRow.swift; sourceTree = "<group>"; };
		84FAC5D32ADFC4F400F9C4B6 /* TempoViewModel.swift */ = {isa = PBXFileReference; lastKnownFileType = sourcecode.swift; path = TempoViewModel.swift; sourceTree = "<group>"; };
		96249BC22AD5D678009493BF /* constants.swift */ = {isa = PBXFileReference; lastKnownFileType = sourcecode.swift; path = constants.swift; sourceTree = "<group>"; };
		96877C172AD80D3C00D6529F /* Glow.swift */ = {isa = PBXFileReference; lastKnownFileType = sourcecode.swift; path = Glow.swift; sourceTree = "<group>"; };
		96C7E0ED2AD567EE0069CFA8 /* ButtonWidget.swift */ = {isa = PBXFileReference; lastKnownFileType = sourcecode.swift; path = ButtonWidget.swift; sourceTree = "<group>"; };
		96C7E0F02AD569AD0069CFA8 /* PlayButtonStyle.swift */ = {isa = PBXFileReference; lastKnownFileType = sourcecode.swift; path = PlayButtonStyle.swift; sourceTree = "<group>"; };
/* End PBXFileReference section */

/* Begin PBXFrameworksBuildPhase section */
		84893E502AC99C8C002DF1CB /* Frameworks */ = {
			isa = PBXFrameworksBuildPhase;
			buildActionMask = 2147483647;
			files = (
			);
			runOnlyForDeploymentPostprocessing = 0;
		};
/* End PBXFrameworksBuildPhase section */

/* Begin PBXGroup section */
		840188332AF28295007CEF03 /* Audio */ = {
			isa = PBXGroup;
			children = (
				840188342AF28816007CEF03 /* Click.wav */,
			);
			path = Audio;
			sourceTree = "<group>";
		};
		84893E4A2AC99C8C002DF1CB = {
			isa = PBXGroup;
			children = (
				84893E552AC99C8C002DF1CB /* HapticTronome */,
				84893E542AC99C8C002DF1CB /* Products */,
			);
			sourceTree = "<group>";
		};
		84893E542AC99C8C002DF1CB /* Products */ = {
			isa = PBXGroup;
			children = (
				84893E532AC99C8C002DF1CB /* HapticTronome.app */,
			);
			name = Products;
			sourceTree = "<group>";
		};
		84893E552AC99C8C002DF1CB /* HapticTronome */ = {
			isa = PBXGroup;
			children = (
				84893E672AC99E7D002DF1CB /* Core */,
				84893E652AC99E58002DF1CB /* Data */,
				84FAC5CF2ADFC40000F9C4B6 /* ViewModel */,
				84893E642AC99E4F002DF1CB /* Presentation */,
				84893E5A2AC99C8D002DF1CB /* Assets.xcassets */,
				84893E5C2AC99C8D002DF1CB /* Preview Content */,
			);
			path = HapticTronome;
			sourceTree = "<group>";
		};
		84893E5C2AC99C8D002DF1CB /* Preview Content */ = {
			isa = PBXGroup;
			children = (
				84893E5D2AC99C8D002DF1CB /* Preview Assets.xcassets */,
			);
			path = "Preview Content";
			sourceTree = "<group>";
		};
		84893E642AC99E4F002DF1CB /* Presentation */ = {
			isa = PBXGroup;
			children = (
				84893E562AC99C8C002DF1CB /* HapticTronomeApp.swift */,
				96877C162AD80D2100D6529F /* Extensions */,
				96C7E0EF2AD5699F0069CFA8 /* Styles */,
				96C7E0EC2AD567DA0069CFA8 /* Widgets */,
				84893E6D2AC9A476002DF1CB /* Pages */,
			);
			path = Presentation;
			sourceTree = "<group>";
		};
		84893E652AC99E58002DF1CB /* Data */ = {
			isa = PBXGroup;
			children = (
				84710AB52AF2799300DEAA62 /* TimeSignature.swift */,
				84710AB32AF278F600DEAA62 /* TempoModel.swift */,
			);
			path = Data;
			sourceTree = "<group>";
		};
		84893E672AC99E7D002DF1CB /* Core */ = {
			isa = PBXGroup;
			children = (
				840188332AF28295007CEF03 /* Audio */,
				84893E722AC9B17F002DF1CB /* Localizable.xcstrings */,
				96249BC22AD5D678009493BF /* constants.swift */,
			);
			path = Core;
			sourceTree = "<group>";
		};
		84893E6D2AC9A476002DF1CB /* Pages */ = {
			isa = PBXGroup;
			children = (
				84893E6E2AC9A4E0002DF1CB /* ContentPage */,
				84893E582AC99C8C002DF1CB /* HomePage.swift */,
			);
			path = Pages;
			sourceTree = "<group>";
		};
		84893E6E2AC9A4E0002DF1CB /* ContentPage */ = {
			isa = PBXGroup;
			children = (
				84893E6F2AC9A4F1002DF1CB /* Home */,
			);
			path = ContentPage;
			sourceTree = "<group>";
		};
		84893E6F2AC9A4F1002DF1CB /* Home */ = {
			isa = PBXGroup;
			children = (
				84893E702AC9A501002DF1CB /* HomePageBody.swift */,
			);
			path = Home;
			sourceTree = "<group>";
		};
		84A2BAB92ADBEA5000A22EC6 /* LED */ = {
			isa = PBXGroup;
			children = (
				84A2BABA2ADBEA6200A22EC6 /* LedWidget.swift */,
				84A2BABC2ADBED9D00A22EC6 /* LedRow.swift */,
			);
			path = LED;
			sourceTree = "<group>";
		};
		84FAC5CF2ADFC40000F9C4B6 /* ViewModel */ = {
			isa = PBXGroup;
			children = (
				84FAC5D32ADFC4F400F9C4B6 /* TempoViewModel.swift */,
			);
			path = ViewModel;
			sourceTree = "<group>";
		};
		966E1D9B2AD67CE500821A24 /* PlayButtonStyles */ = {
			isa = PBXGroup;
			children = (
				96C7E0F02AD569AD0069CFA8 /* PlayButtonStyle.swift */,
			);
			path = PlayButtonStyles;
			sourceTree = "<group>";
		};
		96877C162AD80D2100D6529F /* Extensions */ = {
			isa = PBXGroup;
			children = (
				96877C172AD80D3C00D6529F /* Glow.swift */,
			);
			path = Extensions;
			sourceTree = "<group>";
		};
		96C7E0EC2AD567DA0069CFA8 /* Widgets */ = {
			isa = PBXGroup;
			children = (
				84A2BAB92ADBEA5000A22EC6 /* LED */,
				96C7E0ED2AD567EE0069CFA8 /* ButtonWidget.swift */,
				840D3CC22ADAD54400166FA6 /* TempoText.swift */,
			);
			path = Widgets;
			sourceTree = "<group>";
		};
		96C7E0EF2AD5699F0069CFA8 /* Styles */ = {
			isa = PBXGroup;
			children = (
				966E1D9B2AD67CE500821A24 /* PlayButtonStyles */,
			);
			path = Styles;
			sourceTree = "<group>";
		};
/* End PBXGroup section */

/* Begin PBXNativeTarget section */
		84893E522AC99C8C002DF1CB /* HapticTronome */ = {
			isa = PBXNativeTarget;
			buildConfigurationList = 84893E612AC99C8D002DF1CB /* Build configuration list for PBXNativeTarget "HapticTronome" */;
			buildPhases = (
				84893E4F2AC99C8C002DF1CB /* Sources */,
				84893E502AC99C8C002DF1CB /* Frameworks */,
				84893E512AC99C8C002DF1CB /* Resources */,
			);
			buildRules = (
			);
			dependencies = (
			);
			name = HapticTronome;
			productName = HapticTronome;
			productReference = 84893E532AC99C8C002DF1CB /* HapticTronome.app */;
			productType = "com.apple.product-type.application";
		};
/* End PBXNativeTarget section */

/* Begin PBXProject section */
		84893E4B2AC99C8C002DF1CB /* Project object */ = {
			isa = PBXProject;
			attributes = {
				BuildIndependentTargetsInParallel = 1;
				LastSwiftUpdateCheck = 1500;
				LastUpgradeCheck = 1500;
				TargetAttributes = {
					84893E522AC99C8C002DF1CB = {
						CreatedOnToolsVersion = 15.0;
					};
				};
			};
			buildConfigurationList = 84893E4E2AC99C8C002DF1CB /* Build configuration list for PBXProject "HapticTronome" */;
			compatibilityVersion = "Xcode 14.0";
			developmentRegion = en;
			hasScannedForEncodings = 0;
			knownRegions = (
				en,
				Base,
				fr,
			);
			mainGroup = 84893E4A2AC99C8C002DF1CB;
			productRefGroup = 84893E542AC99C8C002DF1CB /* Products */;
			projectDirPath = "";
			projectRoot = "";
			targets = (
				84893E522AC99C8C002DF1CB /* HapticTronome */,
			);
		};
/* End PBXProject section */

/* Begin PBXResourcesBuildPhase section */
		84893E512AC99C8C002DF1CB /* Resources */ = {
			isa = PBXResourcesBuildPhase;
			buildActionMask = 2147483647;
			files = (
				84893E5E2AC99C8D002DF1CB /* Preview Assets.xcassets in Resources */,
				84893E5B2AC99C8D002DF1CB /* Assets.xcassets in Resources */,
				84893E732AC9B17F002DF1CB /* Localizable.xcstrings in Resources */,
				840188352AF28816007CEF03 /* Click.wav in Resources */,
			);
			runOnlyForDeploymentPostprocessing = 0;
		};
/* End PBXResourcesBuildPhase section */

/* Begin PBXSourcesBuildPhase section */
		84893E4F2AC99C8C002DF1CB /* Sources */ = {
			isa = PBXSourcesBuildPhase;
			buildActionMask = 2147483647;
			files = (
				84A2BABD2ADBED9D00A22EC6 /* LedRow.swift in Sources */,
				84893E592AC99C8C002DF1CB /* HomePage.swift in Sources */,
				84710AB42AF278F600DEAA62 /* TempoModel.swift in Sources */,
				84A2BABB2ADBEA6200A22EC6 /* LedWidget.swift in Sources */,
				96C7E0EE2AD567EE0069CFA8 /* ButtonWidget.swift in Sources */,
				84893E712AC9A501002DF1CB /* HomePageBody.swift in Sources */,
				96C7E0F12AD569AD0069CFA8 /* PlayButtonStyle.swift in Sources */,
				84893E572AC99C8C002DF1CB /* HapticTronomeApp.swift in Sources */,
				96877C182AD80D3C00D6529F /* Glow.swift in Sources */,
				84FAC5D42ADFC4F400F9C4B6 /* TempoViewModel.swift in Sources */,
				840D3CC32ADAD54400166FA6 /* TempoText.swift in Sources */,
				96249BC32AD5D678009493BF /* constants.swift in Sources */,
				84710AB62AF2799300DEAA62 /* TimeSignature.swift in Sources */,
			);
			runOnlyForDeploymentPostprocessing = 0;
		};
/* End PBXSourcesBuildPhase section */

/* Begin XCBuildConfiguration section */
		84893E5F2AC99C8D002DF1CB /* Debug */ = {
			isa = XCBuildConfiguration;
			buildSettings = {
				ALWAYS_SEARCH_USER_PATHS = NO;
				ASSETCATALOG_COMPILER_GENERATE_SWIFT_ASSET_SYMBOL_EXTENSIONS = YES;
				CLANG_ANALYZER_NONNULL = YES;
				CLANG_ANALYZER_NUMBER_OBJECT_CONVERSION = YES_AGGRESSIVE;
				CLANG_CXX_LANGUAGE_STANDARD = "gnu++20";
				CLANG_ENABLE_MODULES = YES;
				CLANG_ENABLE_OBJC_ARC = YES;
				CLANG_ENABLE_OBJC_WEAK = YES;
				CLANG_WARN_BLOCK_CAPTURE_AUTORELEASING = YES;
				CLANG_WARN_BOOL_CONVERSION = YES;
				CLANG_WARN_COMMA = YES;
				CLANG_WARN_CONSTANT_CONVERSION = YES;
				CLANG_WARN_DEPRECATED_OBJC_IMPLEMENTATIONS = YES;
				CLANG_WARN_DIRECT_OBJC_ISA_USAGE = YES_ERROR;
				CLANG_WARN_DOCUMENTATION_COMMENTS = YES;
				CLANG_WARN_EMPTY_BODY = YES;
				CLANG_WARN_ENUM_CONVERSION = YES;
				CLANG_WARN_INFINITE_RECURSION = YES;
				CLANG_WARN_INT_CONVERSION = YES;
				CLANG_WARN_NON_LITERAL_NULL_CONVERSION = YES;
				CLANG_WARN_OBJC_IMPLICIT_RETAIN_SELF = YES;
				CLANG_WARN_OBJC_LITERAL_CONVERSION = YES;
				CLANG_WARN_OBJC_ROOT_CLASS = YES_ERROR;
				CLANG_WARN_QUOTED_INCLUDE_IN_FRAMEWORK_HEADER = YES;
				CLANG_WARN_RANGE_LOOP_ANALYSIS = YES;
				CLANG_WARN_STRICT_PROTOTYPES = YES;
				CLANG_WARN_SUSPICIOUS_MOVE = YES;
				CLANG_WARN_UNGUARDED_AVAILABILITY = YES_AGGRESSIVE;
				CLANG_WARN_UNREACHABLE_CODE = YES;
				CLANG_WARN__DUPLICATE_METHOD_MATCH = YES;
				COPY_PHASE_STRIP = NO;
				DEBUG_INFORMATION_FORMAT = dwarf;
				ENABLE_STRICT_OBJC_MSGSEND = YES;
				ENABLE_TESTABILITY = YES;
				ENABLE_USER_SCRIPT_SANDBOXING = YES;
				GCC_C_LANGUAGE_STANDARD = gnu17;
				GCC_DYNAMIC_NO_PIC = NO;
				GCC_NO_COMMON_BLOCKS = YES;
				GCC_OPTIMIZATION_LEVEL = 0;
				GCC_PREPROCESSOR_DEFINITIONS = (
					"DEBUG=1",
					"$(inherited)",
				);
				GCC_WARN_64_TO_32_BIT_CONVERSION = YES;
				GCC_WARN_ABOUT_RETURN_TYPE = YES_ERROR;
				GCC_WARN_UNDECLARED_SELECTOR = YES;
				GCC_WARN_UNINITIALIZED_AUTOS = YES_AGGRESSIVE;
				GCC_WARN_UNUSED_FUNCTION = YES;
				GCC_WARN_UNUSED_VARIABLE = YES;
				IPHONEOS_DEPLOYMENT_TARGET = 17.0;
				LOCALIZATION_PREFERS_STRING_CATALOGS = YES;
				MTL_ENABLE_DEBUG_INFO = INCLUDE_SOURCE;
				MTL_FAST_MATH = YES;
				ONLY_ACTIVE_ARCH = YES;
				SDKROOT = iphoneos;
				SWIFT_ACTIVE_COMPILATION_CONDITIONS = "DEBUG $(inherited)";
				SWIFT_OPTIMIZATION_LEVEL = "-Onone";
			};
			name = Debug;
		};
		84893E602AC99C8D002DF1CB /* Release */ = {
			isa = XCBuildConfiguration;
			buildSettings = {
				ALWAYS_SEARCH_USER_PATHS = NO;
				ASSETCATALOG_COMPILER_GENERATE_SWIFT_ASSET_SYMBOL_EXTENSIONS = YES;
				CLANG_ANALYZER_NONNULL = YES;
				CLANG_ANALYZER_NUMBER_OBJECT_CONVERSION = YES_AGGRESSIVE;
				CLANG_CXX_LANGUAGE_STANDARD = "gnu++20";
				CLANG_ENABLE_MODULES = YES;
				CLANG_ENABLE_OBJC_ARC = YES;
				CLANG_ENABLE_OBJC_WEAK = YES;
				CLANG_WARN_BLOCK_CAPTURE_AUTORELEASING = YES;
				CLANG_WARN_BOOL_CONVERSION = YES;
				CLANG_WARN_COMMA = YES;
				CLANG_WARN_CONSTANT_CONVERSION = YES;
				CLANG_WARN_DEPRECATED_OBJC_IMPLEMENTATIONS = YES;
				CLANG_WARN_DIRECT_OBJC_ISA_USAGE = YES_ERROR;
				CLANG_WARN_DOCUMENTATION_COMMENTS = YES;
				CLANG_WARN_EMPTY_BODY = YES;
				CLANG_WARN_ENUM_CONVERSION = YES;
				CLANG_WARN_INFINITE_RECURSION = YES;
				CLANG_WARN_INT_CONVERSION = YES;
				CLANG_WARN_NON_LITERAL_NULL_CONVERSION = YES;
				CLANG_WARN_OBJC_IMPLICIT_RETAIN_SELF = YES;
				CLANG_WARN_OBJC_LITERAL_CONVERSION = YES;
				CLANG_WARN_OBJC_ROOT_CLASS = YES_ERROR;
				CLANG_WARN_QUOTED_INCLUDE_IN_FRAMEWORK_HEADER = YES;
				CLANG_WARN_RANGE_LOOP_ANALYSIS = YES;
				CLANG_WARN_STRICT_PROTOTYPES = YES;
				CLANG_WARN_SUSPICIOUS_MOVE = YES;
				CLANG_WARN_UNGUARDED_AVAILABILITY = YES_AGGRESSIVE;
				CLANG_WARN_UNREACHABLE_CODE = YES;
				CLANG_WARN__DUPLICATE_METHOD_MATCH = YES;
				COPY_PHASE_STRIP = NO;
				DEBUG_INFORMATION_FORMAT = "dwarf-with-dsym";
				ENABLE_NS_ASSERTIONS = NO;
				ENABLE_STRICT_OBJC_MSGSEND = YES;
				ENABLE_USER_SCRIPT_SANDBOXING = YES;
				GCC_C_LANGUAGE_STANDARD = gnu17;
				GCC_NO_COMMON_BLOCKS = YES;
				GCC_WARN_64_TO_32_BIT_CONVERSION = YES;
				GCC_WARN_ABOUT_RETURN_TYPE = YES_ERROR;
				GCC_WARN_UNDECLARED_SELECTOR = YES;
				GCC_WARN_UNINITIALIZED_AUTOS = YES_AGGRESSIVE;
				GCC_WARN_UNUSED_FUNCTION = YES;
				GCC_WARN_UNUSED_VARIABLE = YES;
				IPHONEOS_DEPLOYMENT_TARGET = 17.0;
				LOCALIZATION_PREFERS_STRING_CATALOGS = YES;
				MTL_ENABLE_DEBUG_INFO = NO;
				MTL_FAST_MATH = YES;
				SDKROOT = iphoneos;
				SWIFT_COMPILATION_MODE = wholemodule;
				VALIDATE_PRODUCT = YES;
			};
			name = Release;
		};
		84893E622AC99C8D002DF1CB /* Debug */ = {
			isa = XCBuildConfiguration;
			buildSettings = {
				ASSETCATALOG_COMPILER_APPICON_NAME = AppIcon;
				ASSETCATALOG_COMPILER_GLOBAL_ACCENT_COLOR_NAME = AccentColor;
				CODE_SIGN_STYLE = Automatic;
				CURRENT_PROJECT_VERSION = 1;
				DEVELOPMENT_ASSET_PATHS = "\"HapticTronome/Preview Content\"";
				DEVELOPMENT_TEAM = 748Z57AM2S;
				ENABLE_PREVIEWS = YES;
				GENERATE_INFOPLIST_FILE = YES;
				INFOPLIST_KEY_UIApplicationSceneManifest_Generation = YES;
				INFOPLIST_KEY_UIApplicationSupportsIndirectInputEvents = YES;
				INFOPLIST_KEY_UILaunchScreen_Generation = YES;
				INFOPLIST_KEY_UISupportedInterfaceOrientations_iPad = "UIInterfaceOrientationPortrait UIInterfaceOrientationPortraitUpsideDown UIInterfaceOrientationLandscapeLeft UIInterfaceOrientationLandscapeRight";
				INFOPLIST_KEY_UISupportedInterfaceOrientations_iPhone = "UIInterfaceOrientationPortrait UIInterfaceOrientationLandscapeLeft UIInterfaceOrientationLandscapeRight";
				LD_RUNPATH_SEARCH_PATHS = (
					"$(inherited)",
					"@executable_path/Frameworks",
				);
				MARKETING_VERSION = 1.0;
				PRODUCT_BUNDLE_IDENTIFIER = com.gaube.HapticTronome;
				PRODUCT_NAME = "$(TARGET_NAME)";
				SWIFT_EMIT_LOC_STRINGS = YES;
				SWIFT_VERSION = 5.0;
				TARGETED_DEVICE_FAMILY = "1,2";
			};
			name = Debug;
		};
		84893E632AC99C8D002DF1CB /* Release */ = {
			isa = XCBuildConfiguration;
			buildSettings = {
				ASSETCATALOG_COMPILER_APPICON_NAME = AppIcon;
				ASSETCATALOG_COMPILER_GLOBAL_ACCENT_COLOR_NAME = AccentColor;
				CODE_SIGN_STYLE = Automatic;
				CURRENT_PROJECT_VERSION = 1;
				DEVELOPMENT_ASSET_PATHS = "\"HapticTronome/Preview Content\"";
				DEVELOPMENT_TEAM = 748Z57AM2S;
				ENABLE_PREVIEWS = YES;
				GENERATE_INFOPLIST_FILE = YES;
				INFOPLIST_KEY_UIApplicationSceneManifest_Generation = YES;
				INFOPLIST_KEY_UIApplicationSupportsIndirectInputEvents = YES;
				INFOPLIST_KEY_UILaunchScreen_Generation = YES;
				INFOPLIST_KEY_UISupportedInterfaceOrientations_iPad = "UIInterfaceOrientationPortrait UIInterfaceOrientationPortraitUpsideDown UIInterfaceOrientationLandscapeLeft UIInterfaceOrientationLandscapeRight";
				INFOPLIST_KEY_UISupportedInterfaceOrientations_iPhone = "UIInterfaceOrientationPortrait UIInterfaceOrientationLandscapeLeft UIInterfaceOrientationLandscapeRight";
				LD_RUNPATH_SEARCH_PATHS = (
					"$(inherited)",
					"@executable_path/Frameworks",
				);
				MARKETING_VERSION = 1.0;
				PRODUCT_BUNDLE_IDENTIFIER = com.gaube.HapticTronome;
				PRODUCT_NAME = "$(TARGET_NAME)";
				SWIFT_EMIT_LOC_STRINGS = YES;
				SWIFT_VERSION = 5.0;
				TARGETED_DEVICE_FAMILY = "1,2";
			};
			name = Release;
		};
/* End XCBuildConfiguration section */

/* Begin XCConfigurationList section */
		84893E4E2AC99C8C002DF1CB /* Build configuration list for PBXProject "HapticTronome" */ = {
			isa = XCConfigurationList;
			buildConfigurations = (
				84893E5F2AC99C8D002DF1CB /* Debug */,
				84893E602AC99C8D002DF1CB /* Release */,
			);
			defaultConfigurationIsVisible = 0;
			defaultConfigurationName = Release;
		};
		84893E612AC99C8D002DF1CB /* Build configuration list for PBXNativeTarget "HapticTronome" */ = {
			isa = XCConfigurationList;
			buildConfigurations = (
				84893E622AC99C8D002DF1CB /* Debug */,
				84893E632AC99C8D002DF1CB /* Release */,
			);
			defaultConfigurationIsVisible = 0;
			defaultConfigurationName = Release;
		};
/* End XCConfigurationList section */
	};
	rootObject = 84893E4B2AC99C8C002DF1CB /* Project object */;
}
